
Microsoft Visual Studio Solution File, Format Version 12.00
# Visual Studio Version 16
VisualStudioVersion = 16.0.31613.86
MinimumVisualStudioVersion = 10.0.40219.1
Project("{FAE04EC0-301F-11D3-BF4B-00C04F79EFBC}") = "ByteBank", "07-ByteBank\ByteBank.csproj", "{A8C8B720-C9E6-47EA-9618-7C4D7045B197}"
EndProject
Global
	GlobalSection(SolutionConfigurationPlatforms) = preSolution
		Debug|Any CPU = Debug|Any CPU
		Release|Any CPU = Release|Any CPU
	EndGlobalSection
	GlobalSection(ProjectConfigurationPlatforms) = postSolution
		{A8C8B720-C9E6-47EA-9618-7C4D7045B197}.Debug|Any CPU.ActiveCfg = Debug|Any CPU
		{A8C8B720-C9E6-47EA-9618-7C4D7045B197}.Debug|Any CPU.Build.0 = Debug|Any CPU
		{A8C8B720-C9E6-47EA-9618-7C4D7045B197}.Release|Any CPU.ActiveCfg = Release|Any CPU
		{A8C8B720-C9E6-47EA-9618-7C4D7045B197}.Release|Any CPU.Build.0 = Release|Any CPU
	EndGlobalSection
	GlobalSection(SolutionProperties) = preSolution
		HideSolutionNode = FALSE
	EndGlobalSection
	GlobalSection(ExtensibilityGlobals) = postSolution
		SolutionGuid = {E72D0701-31B9-46A1-BEDE-7AE3EB1F82BC}
	EndGlobalSection
EndGlobal
